
Microsoft Visual Studio Solution File, Format Version 12.00
# Visual Studio Version 17
VisualStudioVersion = 17.11.35312.102
MinimumVisualStudioVersion = 10.0.40219.1
Project("{FAE04EC0-301F-11D3-BF4B-00C04F79EFBC}") = "SistemaListagem", "SistemaListagem\SistemaListagem.csproj", "{58951188-FE58-4647-8895-259C2F48CB7C}"
EndProject
Global
	GlobalSection(SolutionConfigurationPlatforms) = preSolution
		Debug|Any CPU = Debug|Any CPU
		Release|Any CPU = Release|Any CPU
	EndGlobalSection
	GlobalSection(ProjectConfigurationPlatforms) = postSolution
		{58951188-FE58-4647-8895-259C2F48CB7C}.Debug|Any CPU.ActiveCfg = Debug|Any CPU
		{58951188-FE58-4647-8895-259C2F48CB7C}.Debug|Any CPU.Build.0 = Debug|Any CPU
		{58951188-FE58-4647-8895-259C2F48CB7C}.Release|Any CPU.ActiveCfg = Release|Any CPU
		{58951188-FE58-4647-8895-259C2F48CB7C}.Release|Any CPU.Build.0 = Release|Any CPU
	EndGlobalSection
	GlobalSection(SolutionProperties) = preSolution
		HideSolutionNode = FALSE
	EndGlobalSection
	GlobalSection(ExtensibilityGlobals) = postSolution
		SolutionGuid = {B6CBEC33-FD64-4C71-99BE-2A2CE3C7AD24}
	EndGlobalSection
EndGlobal
